
Microsoft Visual Studio Solution File, Format Version 12.00
# Visual Studio 2012
Project("{FAE04EC0-301F-11D3-BF4B-00C04F79EFBC}") = "iDartsStampDroid", "iDartsStampDroid\iDartsStampDroid.csproj", "{78764D62-E4ED-4870-AC78-7E88516B830F}"
EndProject
Project("{FAE04EC0-301F-11D3-BF4B-00C04F79EFBC}") = "iDartsStampDroid.UITests", "iDartsStampDroid.UITests\iDartsStampDroid.UITests.csproj", "{31D64B93-0C93-4315-B3CE-742C01DEA491}"
EndProject
Project("{FAE04EC0-301F-11D3-BF4B-00C04F79EFBC}") = "StampBinding", "StampBinding\StampBinding.csproj", "{D2FD0E5F-7B55-43D4-AC95-39060178705A}"
EndProject
Global
	GlobalSection(SolutionConfigurationPlatforms) = preSolution
		Debug|Any CPU = Debug|Any CPU
		Release|Any CPU = Release|Any CPU
	EndGlobalSection
	GlobalSection(ProjectConfigurationPlatforms) = postSolution
		{31D64B93-0C93-4315-B3CE-742C01DEA491}.Debug|Any CPU.ActiveCfg = Debug|Any CPU
		{31D64B93-0C93-4315-B3CE-742C01DEA491}.Debug|Any CPU.Build.0 = Debug|Any CPU
		{31D64B93-0C93-4315-B3CE-742C01DEA491}.Release|Any CPU.ActiveCfg = Release|Any CPU
		{31D64B93-0C93-4315-B3CE-742C01DEA491}.Release|Any CPU.Build.0 = Release|Any CPU
		{78764D62-E4ED-4870-AC78-7E88516B830F}.Debug|Any CPU.ActiveCfg = Debug|Any CPU
		{78764D62-E4ED-4870-AC78-7E88516B830F}.Debug|Any CPU.Build.0 = Debug|Any CPU
		{78764D62-E4ED-4870-AC78-7E88516B830F}.Release|Any CPU.ActiveCfg = Release|Any CPU
		{78764D62-E4ED-4870-AC78-7E88516B830F}.Release|Any CPU.Build.0 = Release|Any CPU
		{D2FD0E5F-7B55-43D4-AC95-39060178705A}.Debug|Any CPU.ActiveCfg = Debug|Any CPU
		{D2FD0E5F-7B55-43D4-AC95-39060178705A}.Debug|Any CPU.Build.0 = Debug|Any CPU
		{D2FD0E5F-7B55-43D4-AC95-39060178705A}.Release|Any CPU.ActiveCfg = Release|Any CPU
		{D2FD0E5F-7B55-43D4-AC95-39060178705A}.Release|Any CPU.Build.0 = Release|Any CPU
	EndGlobalSection
EndGlobal
